
Microsoft Visual Studio Solution File, Format Version 12.00
# Visual Studio Version 17
VisualStudioVersion = 17.7.34031.279
MinimumVisualStudioVersion = 10.0.40219.1
Project("{8BC9CEB8-8B4A-11D0-8D11-00A0C91BC942}") = "10 lab", "10 lab\10 lab.vcxproj", "{7155A55D-3E15-4AB7-90D0-6245B6F09365}"
EndProject
Global
	GlobalSection(SolutionConfigurationPlatforms) = preSolution
		Debug|x64 = Debug|x64
		Debug|x86 = Debug|x86
		Release|x64 = Release|x64
		Release|x86 = Release|x86
	EndGlobalSection
	GlobalSection(ProjectConfigurationPlatforms) = postSolution
		{7155A55D-3E15-4AB7-90D0-6245B6F09365}.Debug|x64.ActiveCfg = Debug|x64
		{7155A55D-3E15-4AB7-90D0-6245B6F09365}.Debug|x64.Build.0 = Debug|x64
		{7155A55D-3E15-4AB7-90D0-6245B6F09365}.Debug|x86.ActiveCfg = Debug|Win32
		{7155A55D-3E15-4AB7-90D0-6245B6F09365}.Debug|x86.Build.0 = Debug|Win32
		{7155A55D-3E15-4AB7-90D0-6245B6F09365}.Release|x64.ActiveCfg = Release|x64
		{7155A55D-3E15-4AB7-90D0-6245B6F09365}.Release|x64.Build.0 = Release|x64
		{7155A55D-3E15-4AB7-90D0-6245B6F09365}.Release|x86.ActiveCfg = Release|Win32
		{7155A55D-3E15-4AB7-90D0-6245B6F09365}.Release|x86.Build.0 = Release|Win32
	EndGlobalSection
	GlobalSection(SolutionProperties) = preSolution
		HideSolutionNode = FALSE
	EndGlobalSection
	GlobalSection(ExtensibilityGlobals) = postSolution
		SolutionGuid = {6DE44591-9519-4F33-BE80-CF6936AF0DFF}
	EndGlobalSection
EndGlobal
